{
    "name": "ppgjx",
    "version": "1.0.0",
    "lockfileVersion": 2,
    "requires": true,
    "packages": {
        "": {
            "name": "ppgjx",
            "version": "1.0.0",
            "license": "ISC",
            "dependencies": {
                "@antv/g2": "^4.0.15",
                "exif-js": "^2.3.0",
                "moment": "^2.29.1",
                "uview": "^0.1.0",
                "uview-ui": "^1.8.4"
            }
        },
        "node_modules/@antv/adjust": {
            "version": "0.2.3",
            "resolved": "https://r.cnpmjs.org/@antv/adjust/download/@antv/adjust-0.2.3.tgz",
            "integrity": "sha1-w4hKaAwyZMwSXX8qtTmOihwLlAE=",
            "dependencies": {
                "@antv/util": "~2.0.0",
                "tslib": "^1.10.0"
            }
        },
        "node_modules/@antv/adjust/node_modules/tslib": {
            "version": "1.14.1",
            "resolved": "https://r.cnpmjs.org/tslib/download/tslib-1.14.1.tgz",
            "integrity": "sha1-zy04vcNKE0vK8QkcQfZhni9nLQA="
        },
        "node_modules/@antv/attr": {
            "version": "0.3.2",
            "resolved": "https://r.cnpmjs.org/@antv/attr/download/@antv/attr-0.3.2.tgz",
            "integrity": "sha1-5YZrZIcMYvOpwluKYfZUuiv9oFE=",
            "dependencies": {
                "@antv/color-util": "^2.0.1",
                "@antv/util": "~2.0.0",
                "tslib": "^1.10.0"
            }
        },
        "node_modules/@antv/attr/node_modules/tslib": {
            "version": "1.14.1",
            "resolved": "https://r.cnpmjs.org/tslib/download/tslib-1.14.1.tgz",
            "integrity": "sha1-zy04vcNKE0vK8QkcQfZhni9nLQA="
        },
        "node_modules/@antv/color-util": {
            "version": "2.0.5",
            "resolved": "https://r.cnpmjs.org/@antv/color-util/download/@antv/color-util-2.0.5.tgz",
            "integrity": "sha1-bGwUrShzUmvLpyOAt4GiskNgrG4=",
            "dependencies": {
                "@antv/util": "^2.0.9",
                "tslib": "^1.10.0"
            }
        },
        "node_modules/@antv/color-util/node_modules/tslib": {
            "version": "1.14.1",
            "resolved": "https://r.cnpmjs.org/tslib/download/tslib-1.14.1.tgz",
            "integrity": "sha1-zy04vcNKE0vK8QkcQfZhni9nLQA="
        },
        "node_modules/@antv/component": {
            "version": "0.6.3",
            "resolved": "https://r.cnpmjs.org/@antv/component/download/@antv/component-0.6.3.tgz",
            "integrity": "sha1-O7TO2+mF6DG/s3ip5nKkbAQipac=",
            "dependencies": {
                "@antv/dom-util": "~2.0.1",
                "@antv/g-base": "~0.4.0",
                "@antv/matrix-util": "^3.1.0-beta.1",
                "@antv/path-util": "~2.0.7",
                "@antv/scale": "~0.3.1",
                "@antv/util": "~2.0.0",
                "fecha": "~4.2.0",
                "tslib": "^1.10.0"
            }
        },
        "node_modules/@antv/component/node_modules/tslib": {
            "version": "1.14.1",
            "resolved": "https://r.cnpmjs.org/tslib/download/tslib-1.14.1.tgz",
            "integrity": "sha1-zy04vcNKE0vK8QkcQfZhni9nLQA="
        },
        "node_modules/@antv/coord": {
            "version": "0.3.0",
            "resolved": "https://r.cnpmjs.org/@antv/coord/download/@antv/coord-0.3.0.tgz",
            "integrity": "sha1-RyOc/TVF+Ht6Z6m+2S0SpSnVqZY=",
            "dependencies": {
                "@antv/matrix-util": "^3.1.0-beta.2",
                "@antv/util": "~2.0.3",
                "tslib": "^1.10.0"
            }
        },
        "node_modules/@antv/coord/node_modules/tslib": {
            "version": "1.14.1",
            "resolved": "https://r.cnpmjs.org/tslib/download/tslib-1.14.1.tgz",
            "integrity": "sha1-zy04vcNKE0vK8QkcQfZhni9nLQA="
        },
        "node_modules/@antv/dom-util": {
            "version": "2.0.2",
            "resolved": "https://r.cnpmjs.org/@antv/dom-util/download/@antv/dom-util-2.0.2.tgz",
            "integrity": "sha1-THsKGV4CflVXBDWmglzsVt+wtZA=",
            "dependencies": {
                "tslib": "^1.10.0"
            }
        },
        "node_modules/@antv/dom-util/node_modules/tslib": {
            "version": "1.14.1",
            "resolved": "https://r.cnpmjs.org/tslib/download/tslib-1.14.1.tgz",
            "integrity": "sha1-zy04vcNKE0vK8QkcQfZhni9nLQA="
        },
        "node_modules/@antv/event-emitter": {
            "version": "0.1.2",
            "resolved": "https://r.cnpmjs.org/@antv/event-emitter/download/@antv/event-emitter-0.1.2.tgz",
            "integrity": "sha1-oXt8uG5tBxiA3Gv7IydW+IYk7Lw="
        },
        "node_modules/@antv/g-base": {
            "version": "0.4.7",
            "resolved": "https://r.cnpmjs.org/@antv/g-base/download/@antv/g-base-0.4.7.tgz",
            "integrity": "sha1-dpj8TIyzgfK3iaMPvrJrHojEgZY=",
            "dependencies": {
                "@antv/event-emitter": "^0.1.1",
                "@antv/g-math": "^0.1.3",
                "@antv/matrix-util": "^3.1.0-beta.1",
                "@antv/path-util": "~2.0.5",
                "@antv/util": "~2.0.0",
                "@types/d3-timer": "^1.0.9",
                "d3-ease": "^1.0.5",
                "d3-interpolate": "^1.3.2",
                "d3-timer": "^1.0.9",
                "detect-browser": "^5.1.0"
            }
        },
        "node_modules/@antv/g-canvas": {
            "version": "0.4.15",
            "resolved": "https://r.cnpmjs.org/@antv/g-canvas/download/@antv/g-canvas-0.4.15.tgz",
            "integrity": "sha1-gawb4mnZYoAgL/76AqOfBgsajAc=",
            "dependencies": {
                "@antv/g-base": "^0.4.7",
                "@antv/g-math": "^0.1.3",
                "@antv/path-util": "~2.0.5",
                "@antv/util": "~2.0.0",
                "gl-matrix": "^3.0.0"
            }
        },
        "node_modules/@antv/g-math": {
            "version": "0.1.5",
            "resolved": "https://r.cnpmjs.org/@antv/g-math/download/@antv/g-math-0.1.5.tgz",
            "integrity": "sha1-jkSYp7wCsRPBG1A3OpsVJzE5ze8=",
            "dependencies": {
                "@antv/util": "~2.0.0",
                "gl-matrix": "^3.0.0"
            }
        },
        "node_modules/@antv/g-svg": {
            "version": "0.4.7",
            "resolved": "https://r.cnpmjs.org/@antv/g-svg/download/@antv/g-svg-0.4.7.tgz",
            "integrity": "sha1-DWXh2zTm3+YJqts+3fR0jbAvCwE=",
            "dependencies": {
                "@antv/g-base": "^0.4.7",
                "@antv/g-math": "^0.1.3",
                "@antv/util": "~2.0.0",
                "detect-browser": "^4.6.0"
            }
        },
        "node_modules/@antv/g-svg/node_modules/detect-browser": {
            "version": "4.8.0",
            "resolved": "https://r.cnpmjs.org/detect-browser/download/detect-browser-4.8.0.tgz",
            "integrity": "sha1-HXO9iMF76GaQGVDOCqrh7QYJAsY="
        },
        "node_modules/@antv/g2": {
            "version": "4.0.15",
            "resolved": "https://r.cnpmjs.org/@antv/g2/download/@antv/g2-4.0.15.tgz",
            "integrity": "sha1-aO7uW+/Z8uZU92VfjT0pNc3VJrg=",
            "dependencies": {
                "@antv/adjust": "^0.2.1",
                "@antv/attr": "^0.3.1",
                "@antv/color-util": "^2.0.2",
                "@antv/component": "^0.6.0",
                "@antv/coord": "^0.3.0",
                "@antv/event-emitter": "~0.1.0",
                "@antv/g-base": "^0.4.3",
                "@antv/g-canvas": "^0.4.0",
                "@antv/g-svg": "^0.4.0",
                "@antv/matrix-util": "^3.1.0-beta.1",
                "@antv/path-util": "^2.0.3",
                "@antv/scale": "^0.3.1",
                "@antv/util": "~2.0.5",
                "tslib": "^2.0.0"
            }
        },
        "node_modules/@antv/matrix-util": {
            "version": "3.1.0-beta.2",
            "resolved": "https://r.cnpmjs.org/@antv/matrix-util/download/@antv/matrix-util-3.1.0-beta.2.tgz",
            "integrity": "sha1-tK+vtw299Sr/yjCNNUbIoJD9I8o=",
            "dependencies": {
                "@antv/util": "^2.0.9",
                "gl-matrix": "^3.3.0",
                "tslib": "^1.10.0"
            }
        },
        "node_modules/@antv/matrix-util/node_modules/tslib": {
            "version": "1.14.1",
            "resolved": "https://r.cnpmjs.org/tslib/download/tslib-1.14.1.tgz",
            "integrity": "sha1-zy04vcNKE0vK8QkcQfZhni9nLQA="
        },
        "node_modules/@antv/path-util": {
            "version": "2.0.8",
            "resolved": "https://r.cnpmjs.org/@antv/path-util/download/@antv/path-util-2.0.8.tgz",
            "integrity": "sha1-m8VNK3GYqtmIqcxKbekFTyaRm4Q=",
            "dependencies": {
                "@antv/util": "^2.0.9",
                "tslib": "^1.10.0"
            }
        },
        "node_modules/@antv/path-util/node_modules/tslib": {
            "version": "1.14.1",
            "resolved": "https://r.cnpmjs.org/tslib/download/tslib-1.14.1.tgz",
            "integrity": "sha1-zy04vcNKE0vK8QkcQfZhni9nLQA="
        },
        "node_modules/@antv/scale": {
            "version": "0.3.4",
            "resolved": "https://r.cnpmjs.org/@antv/scale/download/@antv/scale-0.3.4.tgz",
            "integrity": "sha1-/t/a7f0+RaD0O/eG6ElnN12J364=",
            "dependencies": {
                "@antv/util": "~2.0.3",
                "fecha": "~4.2.0",
                "tslib": "^2.0.0"
            }
        },
        "node_modules/@antv/util": {
            "version": "2.0.9",
            "resolved": "https://r.cnpmjs.org/@antv/util/download/@antv/util-2.0.9.tgz",
            "integrity": "sha1-vT4pajkuEfvieB/eOdjnC6HFPtA=",
            "dependencies": {
                "tslib": "^1.10.0"
            }
        },
        "node_modules/@antv/util/node_modules/tslib": {
            "version": "1.14.1",
            "resolved": "https://r.cnpmjs.org/tslib/download/tslib-1.14.1.tgz",
            "integrity": "sha1-zy04vcNKE0vK8QkcQfZhni9nLQA="
        },
        "node_modules/@babel/parser": {
            "version": "7.23.0",
            "resolved": "https://registry.npmjs.org/@babel/parser/-/parser-7.23.0.tgz",
            "integrity": "sha512-vvPKKdMemU85V9WE/l5wZEmImpCtLqbnTvqDS2U1fJ96KrxoW7KrXhNsNCblQlg8Ck4b85yxdTyelsMUgFUXiw==",
            "peer": true,
            "bin": {
                "parser": "bin/babel-parser.js"
            },
            "engines": {
                "node": ">=6.0.0"
            }
        },
        "node_modules/@types/d3-timer": {
            "version": "1.0.10",
            "resolved": "https://r.cnpmjs.org/@types/d3-timer/download/@types/d3-timer-1.0.10.tgz",
            "integrity": "sha1-MpxRwskx9E7QrP94uMhFcazw7SE="
        },
        "node_modules/@vue/compiler-sfc": {
            "version": "2.7.14",
            "resolved": "https://registry.npmjs.org/@vue/compiler-sfc/-/compiler-sfc-2.7.14.tgz",
            "integrity": "sha512-aNmNHyLPsw+sVvlQFQ2/8sjNuLtK54TC6cuKnVzAY93ks4ZBrvwQSnkkIh7bsbNhum5hJBS00wSDipQ937f5DA==",
            "peer": true,
            "dependencies": {
                "@babel/parser": "^7.18.4",
                "postcss": "^8.4.14",
                "source-map": "^0.6.1"
            }
        },
        "node_modules/async-validator": {
            "version": "1.12.2",
            "resolved": "https://registry.npmjs.org/async-validator/-/async-validator-1.12.2.tgz",
            "integrity": "sha512-57EETfCPFiB7M4QscvQzWSGNsmtkjjzZv318SK1CBlstk+hycV72ocjriMOOM48HjvmoAoJGpJNjC7Z76RlnZA=="
        },
        "node_modules/core-js": {
            "version": "2.6.12",
            "resolved": "https://registry.npmjs.org/core-js/-/core-js-2.6.12.tgz",
            "integrity": "sha512-Kb2wC0fvsWfQrgk8HU5lW6U/Lcs8+9aaYcy4ZFc6DDlo4nZ7n70dEgE5rtR0oG6ufKDUnrwfWL1mXR5ljDatrQ==",
            "deprecated": "core-js@<3.23.3 is no longer maintained and not recommended for usage due to the number of issues. Because of the V8 engine whims, feature detection in old core-js versions could cause a slowdown up to 100x even if nothing is polyfilled. Some versions have web compatibility issues. Please, upgrade your dependencies to the actual version of core-js.",
            "hasInstallScript": true
        },
        "node_modules/csstype": {
            "version": "3.1.2",
            "resolved": "https://registry.npmjs.org/csstype/-/csstype-3.1.2.tgz",
            "integrity": "sha512-I7K1Uu0MBPzaFKg4nI5Q7Vs2t+3gWWW648spaF+Rg7pI9ds18Ugn+lvg4SHczUdKlHI5LWBXyqfS8+DufyBsgQ==",
            "peer": true
        },
        "node_modules/d3-color": {
            "version": "1.4.1",
            "resolved": "https://r.cnpmjs.org/d3-color/download/d3-color-1.4.1.tgz",
            "integrity": "sha1-xSACv4hGraRCTVXZeYL+8m6zvIo="
        },
        "node_modules/d3-ease": {
            "version": "1.0.7",
            "resolved": "https://r.cnpmjs.org/d3-ease/download/d3-ease-1.0.7.tgz",
            "integrity": "sha1-moNIkO+LiujFWLL+Vb1X9Zk7heI="
        },
        "node_modules/d3-interpolate": {
            "version": "1.4.0",
            "resolved": "https://r.cnpmjs.org/d3-interpolate/download/d3-interpolate-1.4.0.tgz",
            "integrity": "sha1-Um554tgNqjg/ngwcHH3MDwWD6Yc=",
            "dependencies": {
                "d3-color": "1"
            }
        },
        "node_modules/d3-timer": {
            "version": "1.0.10",
            "resolved": "https://r.cnpmjs.org/d3-timer/download/d3-timer-1.0.10.tgz",
            "integrity": "sha1-3+dripF0iDGxO22ceT/71QjdneU="
        },
        "node_modules/deepmerge": {
            "version": "1.5.2",
            "resolved": "https://registry.npmjs.org/deepmerge/-/deepmerge-1.5.2.tgz",
            "integrity": "sha512-95k0GDqvBjZavkuvzx/YqVLv/6YYa17fz6ILMSf7neqQITCPbnfEnQvEgMPNjH4kgobe7+WIL0yJEHku+H3qtQ==",
            "engines": {
                "node": ">=0.10.0"
            }
        },
        "node_modules/detect-browser": {
            "version": "5.2.0",
            "resolved": "https://r.cnpmjs.org/detect-browser/download/detect-browser-5.2.0.tgz",
            "integrity": "sha1-yc1a+pamoZ/aC76em+SKa24enJc="
        },
        "node_modules/exif-js": {
            "version": "2.3.0",
            "resolved": "https://registry.npm.taobao.org/exif-js/download/exif-js-2.3.0.tgz",
            "integrity": "sha1-nRCBm/Vx+HOBPnZAJBJVq5zhqBQ="
        },
        "node_modules/fecha": {
            "version": "4.2.0",
            "resolved": "https://r.cnpmjs.org/fecha/download/fecha-4.2.0.tgz",
            "integrity": "sha1-P/tjlUU+Pz7/+FBATwpZtnR/X0E="
        },
        "node_modules/gl-matrix": {
            "version": "3.3.0",
            "resolved": "https://r.cnpmjs.org/gl-matrix/download/gl-matrix-3.3.0.tgz",
            "integrity": "sha1-Iy7vYLHIswooy751ssr2xI/WNYs="
        },
        "node_modules/moment": {
            "version": "2.29.1",
            "resolved": "https://registry.npm.taobao.org/moment/download/moment-2.29.1.tgz?cache=0&sync_timestamp=1601983717342&other_urls=https%3A%2F%2Fregistry.npm.taobao.org%2Fmoment%2Fdownload%2Fmoment-2.29.1.tgz",
            "integrity": "sha1-sr52n6MZQL6e7qZGnAdeNQBvo9M=",
            "engines": {
                "node": "*"
            }
        },
        "node_modules/nanoid": {
            "version": "3.3.6",
            "resolved": "https://registry.npmjs.org/nanoid/-/nanoid-3.3.6.tgz",
            "integrity": "sha512-BGcqMMJuToF7i1rt+2PWSNVnWIkGCU78jBG3RxO/bZlnZPK2Cmi2QaffxGO/2RvWi9sL+FAiRiXMgsyxQ1DIDA==",
            "funding": [
                {
                    "type": "github",
                    "url": "https://github.com/sponsors/ai"
                }
            ],
            "peer": true,
            "bin": {
                "nanoid": "bin/nanoid.cjs"
            },
            "engines": {
                "node": "^10 || ^12 || ^13.7 || ^14 || >=15.0.1"
            }
        },
        "node_modules/picocolors": {
            "version": "1.0.0",
            "resolved": "https://registry.npmjs.org/picocolors/-/picocolors-1.0.0.tgz",
            "integrity": "sha512-1fygroTLlHu66zi26VoTDv8yRgm0Fccecssto+MhsZ0D/DGW2sm8E8AjW7NU5VVTRt5GxbeZ5qBuJr+HyLYkjQ==",
            "peer": true
        },
        "node_modules/popper.js": {
            "version": "0.6.4",
            "resolved": "https://registry.npmjs.org/popper.js/-/popper.js-0.6.4.tgz",
            "integrity": "sha1-GDfEdgr1TSuyC2b5wJuSmT2Exik=",
            "deprecated": "You can find the new Popper v2 at @popperjs/core, this package is dedicated to the legacy v1"
        },
        "node_modules/postcss": {
            "version": "8.4.31",
            "resolved": "https://registry.npmjs.org/postcss/-/postcss-8.4.31.tgz",
            "integrity": "sha512-PS08Iboia9mts/2ygV3eLpY5ghnUcfLV/EXTOW1E2qYxJKGGBUtNjN76FYHnMs36RmARn41bC0AZmn+rR0OVpQ==",
            "funding": [
                {
                    "type": "opencollective",
                    "url": "https://opencollective.com/postcss/"
                },
                {
                    "type": "tidelift",
                    "url": "https://tidelift.com/funding/github/npm/postcss"
                },
                {
                    "type": "github",
                    "url": "https://github.com/sponsors/ai"
                }
            ],
            "peer": true,
            "dependencies": {
                "nanoid": "^3.3.6",
                "picocolors": "^1.0.0",
                "source-map-js": "^1.0.2"
            },
            "engines": {
                "node": "^10 || ^12 || >=14"
            }
        },
        "node_modules/source-map": {
            "version": "0.6.1",
            "resolved": "https://registry.npmjs.org/source-map/-/source-map-0.6.1.tgz",
            "integrity": "sha512-UjgapumWlbMhkBgzT7Ykc5YXUT46F0iKu8SGXq0bcwP5dz/h0Plj6enJqjz1Zbq2l5WaqYnrVbwWOWMyF3F47g==",
            "peer": true,
            "engines": {
                "node": ">=0.10.0"
            }
        },
        "node_modules/source-map-js": {
            "version": "1.0.2",
            "resolved": "https://registry.npmjs.org/source-map-js/-/source-map-js-1.0.2.tgz",
            "integrity": "sha512-R0XvVJ9WusLiqTCEiGCmICCMplcCkIwwR11mOSD9CR5u+IXYdiseeEuXCVAjS54zqwkLcPNnmU4OeJ6tUrWhDw==",
            "peer": true,
            "engines": {
                "node": ">=0.10.0"
            }
        },
        "node_modules/tslib": {
            "version": "2.0.3",
            "resolved": "https://r.cnpmjs.org/tslib/download/tslib-2.0.3.tgz",
            "integrity": "sha1-jgdBrEX8DCJuWKF7/D5kubxsphw="
        },
        "node_modules/uview": {
            "version": "0.1.0",
            "resolved": "https://registry.npmjs.org/uview/-/uview-0.1.0.tgz",
            "integrity": "sha1-tASc8q1kE1430huAdCtjeoLl7yo=",
            "dependencies": {
                "async-validator": "^1.7.1",
                "core-js": "^2.4.1",
                "deepmerge": "^1.5.0",
                "popper.js": "^0.6.4"
            },
            "engines": {
                "node": ">= 4.0.0",
                "npm": ">= 3.0.0"
            },
            "peerDependencies": {
                "vue": "^2.4.1"
            }
        },
        "node_modules/uview-ui": {
            "version": "1.8.4",
            "resolved": "https://registry.npmjs.org/uview-ui/-/uview-ui-1.8.4.tgz",
            "integrity": "sha512-Zr+D5dFdNy6CdHQLBEXeGq/w0LkjxzBtsgaaDwLl0P58g67H7fBBDvy6AzWK/k0c7dwPYMBiK7I4Tr9p92+0DA=="
        },
        "node_modules/vue": {
            "version": "2.7.14",
            "resolved": "https://registry.npmjs.org/vue/-/vue-2.7.14.tgz",
            "integrity": "sha512-b2qkFyOM0kwqWFuQmgd4o+uHGU7T+2z3T+WQp8UBjADfEv2n4FEMffzBmCKNP0IGzOEEfYjvtcC62xaSKeQDrQ==",
            "peer": true,
            "dependencies": {
                "@vue/compiler-sfc": "2.7.14",
                "csstype": "^3.1.0"
            }
        }
    },
    "dependencies": {
        "@antv/adjust": {
            "version": "0.2.3",
            "resolved": "https://r.cnpmjs.org/@antv/adjust/download/@antv/adjust-0.2.3.tgz",
            "integrity": "sha1-w4hKaAwyZMwSXX8qtTmOihwLlAE=",
            "requires": {
                "@antv/util": "~2.0.0",
                "tslib": "^1.10.0"
            },
            "dependencies": {
                "tslib": {
                    "version": "1.14.1",
                    "resolved": "https://r.cnpmjs.org/tslib/download/tslib-1.14.1.tgz",
                    "integrity": "sha1-zy04vcNKE0vK8QkcQfZhni9nLQA="
                }
            }
        },
        "@antv/attr": {
            "version": "0.3.2",
            "resolved": "https://r.cnpmjs.org/@antv/attr/download/@antv/attr-0.3.2.tgz",
            "integrity": "sha1-5YZrZIcMYvOpwluKYfZUuiv9oFE=",
            "requires": {
                "@antv/color-util": "^2.0.1",
                "@antv/util": "~2.0.0",
                "tslib": "^1.10.0"
            },
            "dependencies": {
                "tslib": {
                    "version": "1.14.1",
                    "resolved": "https://r.cnpmjs.org/tslib/download/tslib-1.14.1.tgz",
                    "integrity": "sha1-zy04vcNKE0vK8QkcQfZhni9nLQA="
                }
            }
        },
        "@antv/color-util": {
            "version": "2.0.5",
            "resolved": "https://r.cnpmjs.org/@antv/color-util/download/@antv/color-util-2.0.5.tgz",
            "integrity": "sha1-bGwUrShzUmvLpyOAt4GiskNgrG4=",
            "requires": {
                "@antv/util": "^2.0.9",
                "tslib": "^1.10.0"
            },
            "dependencies": {
                "tslib": {
                    "version": "1.14.1",
                    "resolved": "https://r.cnpmjs.org/tslib/download/tslib-1.14.1.tgz",
                    "integrity": "sha1-zy04vcNKE0vK8QkcQfZhni9nLQA="
                }
            }
        },
        "@antv/component": {
            "version": "0.6.3",
            "resolved": "https://r.cnpmjs.org/@antv/component/download/@antv/component-0.6.3.tgz",
            "integrity": "sha1-O7TO2+mF6DG/s3ip5nKkbAQipac=",
            "requires": {
                "@antv/dom-util": "~2.0.1",
                "@antv/g-base": "~0.4.0",
                "@antv/matrix-util": "^3.1.0-beta.1",
                "@antv/path-util": "~2.0.7",
                "@antv/scale": "~0.3.1",
                "@antv/util": "~2.0.0",
                "fecha": "~4.2.0",
                "tslib": "^1.10.0"
            },
            "dependencies": {
                "tslib": {
                    "version": "1.14.1",
                    "resolved": "https://r.cnpmjs.org/tslib/download/tslib-1.14.1.tgz",
                    "integrity": "sha1-zy04vcNKE0vK8QkcQfZhni9nLQA="
                }
            }
        },
        "@antv/coord": {
            "version": "0.3.0",
            "resolved": "https://r.cnpmjs.org/@antv/coord/download/@antv/coord-0.3.0.tgz",
            "integrity": "sha1-RyOc/TVF+Ht6Z6m+2S0SpSnVqZY=",
            "requires": {
                "@antv/matrix-util": "^3.1.0-beta.2",
                "@antv/util": "~2.0.3",
                "tslib": "^1.10.0"
            },
            "dependencies": {
                "tslib": {
                    "version": "1.14.1",
                    "resolved": "https://r.cnpmjs.org/tslib/download/tslib-1.14.1.tgz",
                    "integrity": "sha1-zy04vcNKE0vK8QkcQfZhni9nLQA="
                }
            }
        },
        "@antv/dom-util": {
            "version": "2.0.2",
            "resolved": "https://r.cnpmjs.org/@antv/dom-util/download/@antv/dom-util-2.0.2.tgz",
            "integrity": "sha1-THsKGV4CflVXBDWmglzsVt+wtZA=",
            "requires": {
                "tslib": "^1.10.0"
            },
            "dependencies": {
                "tslib": {
                    "version": "1.14.1",
                    "resolved": "https://r.cnpmjs.org/tslib/download/tslib-1.14.1.tgz",
                    "integrity": "sha1-zy04vcNKE0vK8QkcQfZhni9nLQA="
                }
            }
        },
        "@antv/event-emitter": {
            "version": "0.1.2",
            "resolved": "https://r.cnpmjs.org/@antv/event-emitter/download/@antv/event-emitter-0.1.2.tgz",
            "integrity": "sha1-oXt8uG5tBxiA3Gv7IydW+IYk7Lw="
        },
        "@antv/g-base": {
            "version": "0.4.7",
            "resolved": "https://r.cnpmjs.org/@antv/g-base/download/@antv/g-base-0.4.7.tgz",
            "integrity": "sha1-dpj8TIyzgfK3iaMPvrJrHojEgZY=",
            "requires": {
                "@antv/event-emitter": "^0.1.1",
                "@antv/g-math": "^0.1.3",
                "@antv/matrix-util": "^3.1.0-beta.1",
                "@antv/path-util": "~2.0.5",
                "@antv/util": "~2.0.0",
                "@types/d3-timer": "^1.0.9",
                "d3-ease": "^1.0.5",
                "d3-interpolate": "^1.3.2",
                "d3-timer": "^1.0.9",
                "detect-browser": "^5.1.0"
            }
        },
        "@antv/g-canvas": {
            "version": "0.4.15",
            "resolved": "https://r.cnpmjs.org/@antv/g-canvas/download/@antv/g-canvas-0.4.15.tgz",
            "integrity": "sha1-gawb4mnZYoAgL/76AqOfBgsajAc=",
            "requires": {
                "@antv/g-base": "^0.4.7",
                "@antv/g-math": "^0.1.3",
                "@antv/path-util": "~2.0.5",
                "@antv/util": "~2.0.0",
                "gl-matrix": "^3.0.0"
            }
        },
        "@antv/g-math": {
            "version": "0.1.5",
            "resolved": "https://r.cnpmjs.org/@antv/g-math/download/@antv/g-math-0.1.5.tgz",
            "integrity": "sha1-jkSYp7wCsRPBG1A3OpsVJzE5ze8=",
            "requires": {
                "@antv/util": "~2.0.0",
                "gl-matrix": "^3.0.0"
            }
        },
        "@antv/g-svg": {
            "version": "0.4.7",
            "resolved": "https://r.cnpmjs.org/@antv/g-svg/download/@antv/g-svg-0.4.7.tgz",
            "integrity": "sha1-DWXh2zTm3+YJqts+3fR0jbAvCwE=",
            "requires": {
                "@antv/g-base": "^0.4.7",
                "@antv/g-math": "^0.1.3",
                "@antv/util": "~2.0.0",
                "detect-browser": "^4.6.0"
            },
            "dependencies": {
                "detect-browser": {
                    "version": "4.8.0",
                    "resolved": "https://r.cnpmjs.org/detect-browser/download/detect-browser-4.8.0.tgz",
                    "integrity": "sha1-HXO9iMF76GaQGVDOCqrh7QYJAsY="
                }
            }
        },
        "@antv/g2": {
            "version": "4.0.15",
            "resolved": "https://r.cnpmjs.org/@antv/g2/download/@antv/g2-4.0.15.tgz",
            "integrity": "sha1-aO7uW+/Z8uZU92VfjT0pNc3VJrg=",
            "requires": {
                "@antv/adjust": "^0.2.1",
                "@antv/attr": "^0.3.1",
                "@antv/color-util": "^2.0.2",
                "@antv/component": "^0.6.0",
                "@antv/coord": "^0.3.0",
                "@antv/event-emitter": "~0.1.0",
                "@antv/g-base": "^0.4.3",
                "@antv/g-canvas": "^0.4.0",
                "@antv/g-svg": "^0.4.0",
                "@antv/matrix-util": "^3.1.0-beta.1",
                "@antv/path-util": "^2.0.3",
                "@antv/scale": "^0.3.1",
                "@antv/util": "~2.0.5",
                "tslib": "^2.0.0"
            }
        },
        "@antv/matrix-util": {
            "version": "3.1.0-beta.2",
            "resolved": "https://r.cnpmjs.org/@antv/matrix-util/download/@antv/matrix-util-3.1.0-beta.2.tgz",
            "integrity": "sha1-tK+vtw299Sr/yjCNNUbIoJD9I8o=",
            "requires": {
                "@antv/util": "^2.0.9",
                "gl-matrix": "^3.3.0",
                "tslib": "^1.10.0"
            },
            "dependencies": {
                "tslib": {
                    "version": "1.14.1",
                    "resolved": "https://r.cnpmjs.org/tslib/download/tslib-1.14.1.tgz",
                    "integrity": "sha1-zy04vcNKE0vK8QkcQfZhni9nLQA="
                }
            }
        },
        "@antv/path-util": {
            "version": "2.0.8",
            "resolved": "https://r.cnpmjs.org/@antv/path-util/download/@antv/path-util-2.0.8.tgz",
            "integrity": "sha1-m8VNK3GYqtmIqcxKbekFTyaRm4Q=",
            "requires": {
                "@antv/util": "^2.0.9",
                "tslib": "^1.10.0"
            },
            "dependencies": {
                "tslib": {
                    "version": "1.14.1",
                    "resolved": "https://r.cnpmjs.org/tslib/download/tslib-1.14.1.tgz",
                    "integrity": "sha1-zy04vcNKE0vK8QkcQfZhni9nLQA="
                }
            }
        },
        "@antv/scale": {
            "version": "0.3.4",
            "resolved": "https://r.cnpmjs.org/@antv/scale/download/@antv/scale-0.3.4.tgz",
            "integrity": "sha1-/t/a7f0+RaD0O/eG6ElnN12J364=",
            "requires": {
                "@antv/util": "~2.0.3",
                "fecha": "~4.2.0",
                "tslib": "^2.0.0"
            }
        },
        "@antv/util": {
            "version": "2.0.9",
            "resolved": "https://r.cnpmjs.org/@antv/util/download/@antv/util-2.0.9.tgz",
            "integrity": "sha1-vT4pajkuEfvieB/eOdjnC6HFPtA=",
            "requires": {
                "tslib": "^1.10.0"
            },
            "dependencies": {
                "tslib": {
                    "version": "1.14.1",
                    "resolved": "https://r.cnpmjs.org/tslib/download/tslib-1.14.1.tgz",
                    "integrity": "sha1-zy04vcNKE0vK8QkcQfZhni9nLQA="
                }
            }
        },
        "@babel/parser": {
            "version": "7.23.0",
            "resolved": "https://registry.npmjs.org/@babel/parser/-/parser-7.23.0.tgz",
            "integrity": "sha512-vvPKKdMemU85V9WE/l5wZEmImpCtLqbnTvqDS2U1fJ96KrxoW7KrXhNsNCblQlg8Ck4b85yxdTyelsMUgFUXiw==",
            "peer": true
        },
        "@types/d3-timer": {
            "version": "1.0.10",
            "resolved": "https://r.cnpmjs.org/@types/d3-timer/download/@types/d3-timer-1.0.10.tgz",
            "integrity": "sha1-MpxRwskx9E7QrP94uMhFcazw7SE="
        },
        "@vue/compiler-sfc": {
            "version": "2.7.14",
            "resolved": "https://registry.npmjs.org/@vue/compiler-sfc/-/compiler-sfc-2.7.14.tgz",
            "integrity": "sha512-aNmNHyLPsw+sVvlQFQ2/8sjNuLtK54TC6cuKnVzAY93ks4ZBrvwQSnkkIh7bsbNhum5hJBS00wSDipQ937f5DA==",
            "peer": true,
            "requires": {
                "@babel/parser": "^7.18.4",
                "postcss": "^8.4.14",
                "source-map": "^0.6.1"
            }
        },
        "async-validator": {
            "version": "1.12.2",
            "resolved": "https://registry.npmjs.org/async-validator/-/async-validator-1.12.2.tgz",
            "integrity": "sha512-57EETfCPFiB7M4QscvQzWSGNsmtkjjzZv318SK1CBlstk+hycV72ocjriMOOM48HjvmoAoJGpJNjC7Z76RlnZA=="
        },
        "core-js": {
            "version": "2.6.12",
            "resolved": "https://registry.npmjs.org/core-js/-/core-js-2.6.12.tgz",
            "integrity": "sha512-Kb2wC0fvsWfQrgk8HU5lW6U/Lcs8+9aaYcy4ZFc6DDlo4nZ7n70dEgE5rtR0oG6ufKDUnrwfWL1mXR5ljDatrQ=="
        },
        "csstype": {
            "version": "3.1.2",
            "resolved": "https://registry.npmjs.org/csstype/-/csstype-3.1.2.tgz",
            "integrity": "sha512-I7K1Uu0MBPzaFKg4nI5Q7Vs2t+3gWWW648spaF+Rg7pI9ds18Ugn+lvg4SHczUdKlHI5LWBXyqfS8+DufyBsgQ==",
            "peer": true
        },
        "d3-color": {
            "version": "1.4.1",
            "resolved": "https://r.cnpmjs.org/d3-color/download/d3-color-1.4.1.tgz",
            "integrity": "sha1-xSACv4hGraRCTVXZeYL+8m6zvIo="
        },
        "d3-ease": {
            "version": "1.0.7",
            "resolved": "https://r.cnpmjs.org/d3-ease/download/d3-ease-1.0.7.tgz",
            "integrity": "sha1-moNIkO+LiujFWLL+Vb1X9Zk7heI="
        },
        "d3-interpolate": {
            "version": "1.4.0",
            "resolved": "https://r.cnpmjs.org/d3-interpolate/download/d3-interpolate-1.4.0.tgz",
            "integrity": "sha1-Um554tgNqjg/ngwcHH3MDwWD6Yc=",
            "requires": {
                "d3-color": "1"
            }
        },
        "d3-timer": {
            "version": "1.0.10",
            "resolved": "https://r.cnpmjs.org/d3-timer/download/d3-timer-1.0.10.tgz",
            "integrity": "sha1-3+dripF0iDGxO22ceT/71QjdneU="
        },
        "deepmerge": {
            "version": "1.5.2",
            "resolved": "https://registry.npmjs.org/deepmerge/-/deepmerge-1.5.2.tgz",
            "integrity": "sha512-95k0GDqvBjZavkuvzx/YqVLv/6YYa17fz6ILMSf7neqQITCPbnfEnQvEgMPNjH4kgobe7+WIL0yJEHku+H3qtQ=="
        },
        "detect-browser": {
            "version": "5.2.0",
            "resolved": "https://r.cnpmjs.org/detect-browser/download/detect-browser-5.2.0.tgz",
            "integrity": "sha1-yc1a+pamoZ/aC76em+SKa24enJc="
        },
        "exif-js": {
            "version": "2.3.0",
            "resolved": "https://registry.npm.taobao.org/exif-js/download/exif-js-2.3.0.tgz",
            "integrity": "sha1-nRCBm/Vx+HOBPnZAJBJVq5zhqBQ="
        },
        "fecha": {
            "version": "4.2.0",
            "resolved": "https://r.cnpmjs.org/fecha/download/fecha-4.2.0.tgz",
            "integrity": "sha1-P/tjlUU+Pz7/+FBATwpZtnR/X0E="
        },
        "gl-matrix": {
            "version": "3.3.0",
            "resolved": "https://r.cnpmjs.org/gl-matrix/download/gl-matrix-3.3.0.tgz",
            "integrity": "sha1-Iy7vYLHIswooy751ssr2xI/WNYs="
        },
        "moment": {
            "version": "2.29.1",
            "resolved": "https://registry.npm.taobao.org/moment/download/moment-2.29.1.tgz?cache=0&sync_timestamp=1601983717342&other_urls=https%3A%2F%2Fregistry.npm.taobao.org%2Fmoment%2Fdownload%2Fmoment-2.29.1.tgz",
            "integrity": "sha1-sr52n6MZQL6e7qZGnAdeNQBvo9M="
        },
        "nanoid": {
            "version": "3.3.6",
            "resolved": "https://registry.npmjs.org/nanoid/-/nanoid-3.3.6.tgz",
            "integrity": "sha512-BGcqMMJuToF7i1rt+2PWSNVnWIkGCU78jBG3RxO/bZlnZPK2Cmi2QaffxGO/2RvWi9sL+FAiRiXMgsyxQ1DIDA==",
            "peer": true
        },
        "picocolors": {
            "version": "1.0.0",
            "resolved": "https://registry.npmjs.org/picocolors/-/picocolors-1.0.0.tgz",
            "integrity": "sha512-1fygroTLlHu66zi26VoTDv8yRgm0Fccecssto+MhsZ0D/DGW2sm8E8AjW7NU5VVTRt5GxbeZ5qBuJr+HyLYkjQ==",
            "peer": true
        },
        "popper.js": {
            "version": "0.6.4",
            "resolved": "https://registry.npmjs.org/popper.js/-/popper.js-0.6.4.tgz",
            "integrity": "sha1-GDfEdgr1TSuyC2b5wJuSmT2Exik="
        },
        "postcss": {
            "version": "8.4.31",
            "resolved": "https://registry.npmjs.org/postcss/-/postcss-8.4.31.tgz",
            "integrity": "sha512-PS08Iboia9mts/2ygV3eLpY5ghnUcfLV/EXTOW1E2qYxJKGGBUtNjN76FYHnMs36RmARn41bC0AZmn+rR0OVpQ==",
            "peer": true,
            "requires": {
                "nanoid": "^3.3.6",
                "picocolors": "^1.0.0",
                "source-map-js": "^1.0.2"
            }
        },
        "source-map": {
            "version": "0.6.1",
            "resolved": "https://registry.npmjs.org/source-map/-/source-map-0.6.1.tgz",
            "integrity": "sha512-UjgapumWlbMhkBgzT7Ykc5YXUT46F0iKu8SGXq0bcwP5dz/h0Plj6enJqjz1Zbq2l5WaqYnrVbwWOWMyF3F47g==",
            "peer": true
        },
        "source-map-js": {
            "version": "1.0.2",
            "resolved": "https://registry.npmjs.org/source-map-js/-/source-map-js-1.0.2.tgz",
            "integrity": "sha512-R0XvVJ9WusLiqTCEiGCmICCMplcCkIwwR11mOSD9CR5u+IXYdiseeEuXCVAjS54zqwkLcPNnmU4OeJ6tUrWhDw==",
            "peer": true
        },
        "tslib": {
            "version": "2.0.3",
            "resolved": "https://r.cnpmjs.org/tslib/download/tslib-2.0.3.tgz",
            "integrity": "sha1-jgdBrEX8DCJuWKF7/D5kubxsphw="
        },
        "uview": {
            "version": "0.1.0",
            "resolved": "https://registry.npmjs.org/uview/-/uview-0.1.0.tgz",
            "integrity": "sha1-tASc8q1kE1430huAdCtjeoLl7yo=",
            "requires": {
                "async-validator": "^1.7.1",
                "core-js": "^2.4.1",
                "deepmerge": "^1.5.0",
                "popper.js": "^0.6.4"
            }
        },
        "uview-ui": {
            "version": "1.8.4",
            "resolved": "https://registry.npmjs.org/uview-ui/-/uview-ui-1.8.4.tgz",
            "integrity": "sha512-Zr+D5dFdNy6CdHQLBEXeGq/w0LkjxzBtsgaaDwLl0P58g67H7fBBDvy6AzWK/k0c7dwPYMBiK7I4Tr9p92+0DA=="
        },
        "vue": {
            "version": "2.7.14",
            "resolved": "https://registry.npmjs.org/vue/-/vue-2.7.14.tgz",
            "integrity": "sha512-b2qkFyOM0kwqWFuQmgd4o+uHGU7T+2z3T+WQp8UBjADfEv2n4FEMffzBmCKNP0IGzOEEfYjvtcC62xaSKeQDrQ==",
            "peer": true,
            "requires": {
                "@vue/compiler-sfc": "2.7.14",
                "csstype": "^3.1.0"
            }
        }
    }
}
